{
  "name": "static",
  "version": "1.0.0",
  "lockfileVersion": 1,
  "requires": true,
  "dependencies": {
    "jquery": {
      "version": "3.5.1",
      "resolved": "https://registry.npm.taobao.org/jquery/download/jquery-3.5.1.tgz",
      "integrity": "sha1-17TQjhv9uGrS8aPQOeoXMEcXq7U="
    },
    "jquery-validation": {
      "version": "1.19.2",
      "resolved": "https://registry.npm.taobao.org/jquery-validation/download/jquery-validation-1.19.2.tgz",
      "integrity": "sha1-xgKDGw2MWIFACvQk6HJ1fOJB7/k="
    }
  }
}
